
Microsoft Visual Studio Solution File, Format Version 12.00
# Visual Studio Version 17
VisualStudioVersion = 17.14.36414.22
MinimumVisualStudioVersion = 10.0.40219.1
Project("{2150E333-8FDC-42A3-9474-1A3956D46DE8}") = "Task0", "Task0", "{02EA681E-C7D8-13C7-8484-4AC65E1B71E8}"
EndProject
Project("{FAE04EC0-301F-11D3-BF4B-00C04F79EFBC}") = "Tyuiu.MorozovKE.Sprint0.Task0.V0", "Tyuiu.MorozovKE.Sprint0.Task0.V0\Tyuiu.MorozovKE.Sprint0.Task0.V0.csproj", "{3219D996-4AEC-47FF-8134-1B5BD39ADEE6}"
EndProject
Project("{2150E333-8FDC-42A3-9474-1A3956D46DE8}") = "Task1", "Task1", "{FDA0F9DE-63F2-47E9-B940-93B8DD491313}"
EndProject
Project("{FAE04EC0-301F-11D3-BF4B-00C04F79EFBC}") = "Tyuiu.MorozovKE.Sprint0.Task1.V0", "Tyuiu.MorozovKE.Sprint0.Task1.V0\Tyuiu.MorozovKE.Sprint0.Task1.V0.csproj", "{7ABA6A17-3DDC-4FD6-B6B8-D5F238C3B8DB}"
EndProject
Global
	GlobalSection(SolutionConfigurationPlatforms) = preSolution
		Debug|Any CPU = Debug|Any CPU
		Release|Any CPU = Release|Any CPU
	EndGlobalSection
	GlobalSection(ProjectConfigurationPlatforms) = postSolution
		{3219D996-4AEC-47FF-8134-1B5BD39ADEE6}.Debug|Any CPU.ActiveCfg = Debug|Any CPU
		{3219D996-4AEC-47FF-8134-1B5BD39ADEE6}.Debug|Any CPU.Build.0 = Debug|Any CPU
		{3219D996-4AEC-47FF-8134-1B5BD39ADEE6}.Release|Any CPU.ActiveCfg = Release|Any CPU
		{3219D996-4AEC-47FF-8134-1B5BD39ADEE6}.Release|Any CPU.Build.0 = Release|Any CPU
		{7ABA6A17-3DDC-4FD6-B6B8-D5F238C3B8DB}.Debug|Any CPU.ActiveCfg = Debug|Any CPU
		{7ABA6A17-3DDC-4FD6-B6B8-D5F238C3B8DB}.Debug|Any CPU.Build.0 = Debug|Any CPU
		{7ABA6A17-3DDC-4FD6-B6B8-D5F238C3B8DB}.Release|Any CPU.ActiveCfg = Release|Any CPU
		{7ABA6A17-3DDC-4FD6-B6B8-D5F238C3B8DB}.Release|Any CPU.Build.0 = Release|Any CPU
	EndGlobalSection
	GlobalSection(SolutionProperties) = preSolution
		HideSolutionNode = FALSE
	EndGlobalSection
	GlobalSection(NestedProjects) = preSolution
		{3219D996-4AEC-47FF-8134-1B5BD39ADEE6} = {02EA681E-C7D8-13C7-8484-4AC65E1B71E8}
		{7ABA6A17-3DDC-4FD6-B6B8-D5F238C3B8DB} = {FDA0F9DE-63F2-47E9-B940-93B8DD491313}
	EndGlobalSection
	GlobalSection(ExtensibilityGlobals) = postSolution
		SolutionGuid = {2AF06EC6-55BB-4F9C-BFD7-FAEF252DAE4E}
	EndGlobalSection
EndGlobal
